
Microsoft Visual Studio Solution File, Format Version 12.00
# Visual Studio Version 16
VisualStudioVersion = 16.0.30204.135
MinimumVisualStudioVersion = 10.0.40219.1
Project("{9A19103F-16F7-4668-BE54-9A1E7A4F7556}") = "Ac682.Hyperai.Plugins.Essential", "Ac682.Hyperai.Plugins.Essential\Ac682.Hyperai.Plugins.Essential.csproj", "{F5A4B811-0B72-43EE-9EA8-27E07075B3C1}"
EndProject
Global
	GlobalSection(SolutionConfigurationPlatforms) = preSolution
		Debug|Any CPU = Debug|Any CPU
		Release|Any CPU = Release|Any CPU
	EndGlobalSection
	GlobalSection(ProjectConfigurationPlatforms) = postSolution
		{F5A4B811-0B72-43EE-9EA8-27E07075B3C1}.Debug|Any CPU.ActiveCfg = Debug|Any CPU
		{F5A4B811-0B72-43EE-9EA8-27E07075B3C1}.Debug|Any CPU.Build.0 = Debug|Any CPU
		{F5A4B811-0B72-43EE-9EA8-27E07075B3C1}.Release|Any CPU.ActiveCfg = Release|Any CPU
		{F5A4B811-0B72-43EE-9EA8-27E07075B3C1}.Release|Any CPU.Build.0 = Release|Any CPU
	EndGlobalSection
	GlobalSection(SolutionProperties) = preSolution
		HideSolutionNode = FALSE
	EndGlobalSection
	GlobalSection(ExtensibilityGlobals) = postSolution
		SolutionGuid = {F3D6BDB0-CCB9-433C-9C09-AB5B2A45ACF8}
	EndGlobalSection
EndGlobal
