
Microsoft Visual Studio Solution File, Format Version 12.00
Project("{FAE04EC0-301F-11D3-BF4B-00C04F79EFBC}") = "Arcbot", "Arcbot.csproj", "{AC279F76-8C96-488E-8EE9-52873C314530}"
EndProject
Global
	GlobalSection(SolutionConfigurationPlatforms) = preSolution
		Debug|Any CPU = Debug|Any CPU
		Release|Any CPU = Release|Any CPU
	EndGlobalSection
	GlobalSection(ProjectConfigurationPlatforms) = postSolution
		{AC279F76-8C96-488E-8EE9-52873C314530}.Debug|Any CPU.ActiveCfg = Debug|Any CPU
		{AC279F76-8C96-488E-8EE9-52873C314530}.Debug|Any CPU.Build.0 = Debug|Any CPU
		{AC279F76-8C96-488E-8EE9-52873C314530}.Release|Any CPU.ActiveCfg = Release|Any CPU
		{AC279F76-8C96-488E-8EE9-52873C314530}.Release|Any CPU.Build.0 = Release|Any CPU
	EndGlobalSection
EndGlobal
