
Microsoft Visual Studio Solution File, Format Version 12.00
# Visual Studio Version 16
VisualStudioVersion = 16.0.30204.135
MinimumVisualStudioVersion = 10.0.40219.1
Project("{FAE04EC0-301F-11D3-BF4B-00C04F79EFBC}") = "Arcbot", "Arcbot\Arcbot.csproj", "{0B5179CB-1A21-440E-B6A1-4B5B922F83B3}"
EndProject
Project("{FAE04EC0-301F-11D3-BF4B-00C04F79EFBC}") = "HyperaiX", "..\submodules\HyperaiX\src\HyperaiX\HyperaiX.csproj", "{58CB7AEB-FD1F-4C65-A66F-E3CD489633AD}"
EndProject
Project("{FAE04EC0-301F-11D3-BF4B-00C04F79EFBC}") = "HyperaiX.Abstractions", "..\submodules\HyperaiX\src\HyperaiX.Abstractions\HyperaiX.Abstractions.csproj", "{21D3D08C-A8C5-4C38-A50D-A976C65A270B}"
EndProject
Project("{FAE04EC0-301F-11D3-BF4B-00C04F79EFBC}") = "Onebot.Protocol", "..\submodules\Onebot\src\Onebot.Protocol\Onebot.Protocol.csproj", "{9B8105BA-0695-4479-BA79-686F3E8829C0}"
EndProject
Global
	GlobalSection(SolutionConfigurationPlatforms) = preSolution
		Debug|Any CPU = Debug|Any CPU
		Release|Any CPU = Release|Any CPU
	EndGlobalSection
	GlobalSection(ProjectConfigurationPlatforms) = postSolution
		{0B5179CB-1A21-440E-B6A1-4B5B922F83B3}.Debug|Any CPU.ActiveCfg = Debug|Any CPU
		{0B5179CB-1A21-440E-B6A1-4B5B922F83B3}.Debug|Any CPU.Build.0 = Debug|Any CPU
		{0B5179CB-1A21-440E-B6A1-4B5B922F83B3}.Release|Any CPU.ActiveCfg = Release|Any CPU
		{0B5179CB-1A21-440E-B6A1-4B5B922F83B3}.Release|Any CPU.Build.0 = Release|Any CPU
		{58CB7AEB-FD1F-4C65-A66F-E3CD489633AD}.Debug|Any CPU.ActiveCfg = Debug|Any CPU
		{58CB7AEB-FD1F-4C65-A66F-E3CD489633AD}.Debug|Any CPU.Build.0 = Debug|Any CPU
		{58CB7AEB-FD1F-4C65-A66F-E3CD489633AD}.Release|Any CPU.ActiveCfg = Release|Any CPU
		{58CB7AEB-FD1F-4C65-A66F-E3CD489633AD}.Release|Any CPU.Build.0 = Release|Any CPU
		{21D3D08C-A8C5-4C38-A50D-A976C65A270B}.Debug|Any CPU.ActiveCfg = Debug|Any CPU
		{21D3D08C-A8C5-4C38-A50D-A976C65A270B}.Debug|Any CPU.Build.0 = Debug|Any CPU
		{21D3D08C-A8C5-4C38-A50D-A976C65A270B}.Release|Any CPU.ActiveCfg = Release|Any CPU
		{21D3D08C-A8C5-4C38-A50D-A976C65A270B}.Release|Any CPU.Build.0 = Release|Any CPU
		{9B8105BA-0695-4479-BA79-686F3E8829C0}.Debug|Any CPU.ActiveCfg = Debug|Any CPU
		{9B8105BA-0695-4479-BA79-686F3E8829C0}.Debug|Any CPU.Build.0 = Debug|Any CPU
		{9B8105BA-0695-4479-BA79-686F3E8829C0}.Release|Any CPU.ActiveCfg = Release|Any CPU
		{9B8105BA-0695-4479-BA79-686F3E8829C0}.Release|Any CPU.Build.0 = Release|Any CPU
	EndGlobalSection
	GlobalSection(SolutionProperties) = preSolution
		HideSolutionNode = FALSE
	EndGlobalSection
	GlobalSection(ExtensibilityGlobals) = postSolution
		SolutionGuid = {F3D6BDB0-CCB9-433C-9C09-AB5B2A45ACF8}
	EndGlobalSection
EndGlobal
